
Microsoft Visual Studio Solution File, Format Version 12.00
# Visual Studio 15
Project("{FAE04EC0-301F-11D3-BF4B-00C04F79EFBC}") = "Ass2", "Ass2\Ass2.csproj", "{B84629BD-8F00-4255-BD5A-0926A01F7FAA}"
EndProject
Global
	GlobalSection(SolutionConfigurationPlatforms) = preSolution
		Debug|Any CPU = Debug|Any CPU
		Release|Any CPU = Release|Any CPU
	EndGlobalSection
	GlobalSection(ProjectConfigurationPlatforms) = postSolution
		{B84629BD-8F00-4255-BD5A-0926A01F7FAA}.Debug|Any CPU.ActiveCfg = Debug|Any CPU
		{B84629BD-8F00-4255-BD5A-0926A01F7FAA}.Debug|Any CPU.Build.0 = Debug|Any CPU
		{B84629BD-8F00-4255-BD5A-0926A01F7FAA}.Release|Any CPU.ActiveCfg = Release|Any CPU
		{B84629BD-8F00-4255-BD5A-0926A01F7FAA}.Release|Any CPU.Build.0 = Release|Any CPU
	EndGlobalSection
EndGlobal
